
Microsoft Visual Studio Solution File, Format Version 12.00
# Visual Studio Version 16
VisualStudioVersion = 16.0.32106.194
MinimumVisualStudioVersion = 10.0.40219.1
Project("{8BC9CEB8-8B4A-11D0-8D11-00A0C91BC942}") = "mario", "mario\mario.vcxproj", "{7CD05E6D-3540-4A5E-9285-DA9B4DF725DD}"
EndProject
Global
	GlobalSection(SolutionConfigurationPlatforms) = preSolution
		Debug|Win32 = Debug|Win32
		Debug|x64 = Debug|x64
		Debug|x86 = Debug|x86
		Release|Win32 = Release|Win32
		Release|x64 = Release|x64
		Release|x86 = Release|x86
	EndGlobalSection
	GlobalSection(ProjectConfigurationPlatforms) = postSolution
		{7CD05E6D-3540-4A5E-9285-DA9B4DF725DD}.Debug|Win32.ActiveCfg = Debug|Win32
		{7CD05E6D-3540-4A5E-9285-DA9B4DF725DD}.Debug|Win32.Build.0 = Debug|Win32
		{7CD05E6D-3540-4A5E-9285-DA9B4DF725DD}.Debug|x64.ActiveCfg = Debug|x64
		{7CD05E6D-3540-4A5E-9285-DA9B4DF725DD}.Debug|x64.Build.0 = Debug|x64
		{7CD05E6D-3540-4A5E-9285-DA9B4DF725DD}.Debug|x86.ActiveCfg = Debug|Win32
		{7CD05E6D-3540-4A5E-9285-DA9B4DF725DD}.Debug|x86.Build.0 = Debug|Win32
		{7CD05E6D-3540-4A5E-9285-DA9B4DF725DD}.Release|Win32.ActiveCfg = Release|Win32
		{7CD05E6D-3540-4A5E-9285-DA9B4DF725DD}.Release|Win32.Build.0 = Release|Win32
		{7CD05E6D-3540-4A5E-9285-DA9B4DF725DD}.Release|x64.ActiveCfg = Release|x64
		{7CD05E6D-3540-4A5E-9285-DA9B4DF725DD}.Release|x64.Build.0 = Release|x64
		{7CD05E6D-3540-4A5E-9285-DA9B4DF725DD}.Release|x86.ActiveCfg = Release|Win32
		{7CD05E6D-3540-4A5E-9285-DA9B4DF725DD}.Release|x86.Build.0 = Release|Win32
	EndGlobalSection
	GlobalSection(SolutionProperties) = preSolution
		HideSolutionNode = FALSE
	EndGlobalSection
	GlobalSection(ExtensibilityGlobals) = postSolution
		SolutionGuid = {463D1254-403C-4719-A6F2-D6422C74A5B8}
	EndGlobalSection
EndGlobal
